
Microsoft Visual Studio Solution File, Format Version 12.00
# Visual Studio Version 17
VisualStudioVersion = 17.13.35931.197 d17.13
MinimumVisualStudioVersion = 10.0.40219.1
Project("{FAE04EC0-301F-11D3-BF4B-00C04F79EFBC}") = "Web", "Web.csproj", "{9BBD7A71-1A93-4C92-AE51-F9D38AC6EB8A}"
EndProject
Global
	GlobalSection(SolutionConfigurationPlatforms) = preSolution
		Debug|Any CPU = Debug|Any CPU
		Release|Any CPU = Release|Any CPU
	EndGlobalSection
	GlobalSection(ProjectConfigurationPlatforms) = postSolution
		{9BBD7A71-1A93-4C92-AE51-F9D38AC6EB8A}.Debug|Any CPU.ActiveCfg = Debug|Any CPU
		{9BBD7A71-1A93-4C92-AE51-F9D38AC6EB8A}.Debug|Any CPU.Build.0 = Debug|Any CPU
		{9BBD7A71-1A93-4C92-AE51-F9D38AC6EB8A}.Release|Any CPU.ActiveCfg = Release|Any CPU
		{9BBD7A71-1A93-4C92-AE51-F9D38AC6EB8A}.Release|Any CPU.Build.0 = Release|Any CPU
	EndGlobalSection
	GlobalSection(SolutionProperties) = preSolution
		HideSolutionNode = FALSE
	EndGlobalSection
	GlobalSection(ExtensibilityGlobals) = postSolution
		SolutionGuid = {32DBEB5C-6DD3-4762-886C-15E1257B07BD}
	EndGlobalSection
EndGlobal
